
Microsoft Visual Studio Solution File, Format Version 12.00
# Visual Studio Version 17
VisualStudioVersion = 17.8.34330.188
MinimumVisualStudioVersion = 10.0.40219.1
Project("{FAE04EC0-301F-11D3-BF4B-00C04F79EFBC}") = "SistemaDeTarefas", "SistemaDeTarefas\SistemaDeTarefas.csproj", "{A1BB6AF6-5709-4FF2-9105-20269C64F0B2}"
EndProject
Global
	GlobalSection(SolutionConfigurationPlatforms) = preSolution
		Debug|Any CPU = Debug|Any CPU
		Release|Any CPU = Release|Any CPU
	EndGlobalSection
	GlobalSection(ProjectConfigurationPlatforms) = postSolution
		{A1BB6AF6-5709-4FF2-9105-20269C64F0B2}.Debug|Any CPU.ActiveCfg = Debug|Any CPU
		{A1BB6AF6-5709-4FF2-9105-20269C64F0B2}.Debug|Any CPU.Build.0 = Debug|Any CPU
		{A1BB6AF6-5709-4FF2-9105-20269C64F0B2}.Release|Any CPU.ActiveCfg = Release|Any CPU
		{A1BB6AF6-5709-4FF2-9105-20269C64F0B2}.Release|Any CPU.Build.0 = Release|Any CPU
	EndGlobalSection
	GlobalSection(SolutionProperties) = preSolution
		HideSolutionNode = FALSE
	EndGlobalSection
	GlobalSection(ExtensibilityGlobals) = postSolution
		SolutionGuid = {AD077686-5BDA-4465-81BA-F6326F0D1D5E}
	EndGlobalSection
EndGlobal
